
Microsoft Visual Studio Solution File, Format Version 12.00
Project("{FAE04EC0-301F-11D3-BF4B-00C04F79EFBC}") = "GameboyEmu.Host", "GameboyEmu.Host\GameboyEmu.Host.csproj", "{B69E2650-CF3E-4074-B0D9-C3155407283A}"
EndProject
Project("{FAE04EC0-301F-11D3-BF4B-00C04F79EFBC}") = "GameboyEmu.Logic", "GameboyEmu.Logic\GameboyEmu.Logic.csproj", "{1F1B594E-B96D-4ACE-91E1-50AFAFC4EE86}"
EndProject
Project("{FAE04EC0-301F-11D3-BF4B-00C04F79EFBC}") = "GameboyEmu.Logic.Tests", "GameboyEmu.Logic.Tests\GameboyEmu.Logic.Tests.csproj", "{EC87E08A-D9DB-4199-8F6B-427A94EC5D66}"
EndProject
Global
	GlobalSection(SolutionConfigurationPlatforms) = preSolution
		Debug|Any CPU = Debug|Any CPU
		Release|Any CPU = Release|Any CPU
	EndGlobalSection
	GlobalSection(ProjectConfigurationPlatforms) = postSolution
		{B69E2650-CF3E-4074-B0D9-C3155407283A}.Debug|Any CPU.ActiveCfg = Debug|Any CPU
		{B69E2650-CF3E-4074-B0D9-C3155407283A}.Debug|Any CPU.Build.0 = Debug|Any CPU
		{B69E2650-CF3E-4074-B0D9-C3155407283A}.Release|Any CPU.ActiveCfg = Release|Any CPU
		{B69E2650-CF3E-4074-B0D9-C3155407283A}.Release|Any CPU.Build.0 = Release|Any CPU
		{1F1B594E-B96D-4ACE-91E1-50AFAFC4EE86}.Debug|Any CPU.ActiveCfg = Debug|Any CPU
		{1F1B594E-B96D-4ACE-91E1-50AFAFC4EE86}.Debug|Any CPU.Build.0 = Debug|Any CPU
		{1F1B594E-B96D-4ACE-91E1-50AFAFC4EE86}.Release|Any CPU.ActiveCfg = Release|Any CPU
		{1F1B594E-B96D-4ACE-91E1-50AFAFC4EE86}.Release|Any CPU.Build.0 = Release|Any CPU
		{EC87E08A-D9DB-4199-8F6B-427A94EC5D66}.Debug|Any CPU.ActiveCfg = Debug|Any CPU
		{EC87E08A-D9DB-4199-8F6B-427A94EC5D66}.Debug|Any CPU.Build.0 = Debug|Any CPU
		{EC87E08A-D9DB-4199-8F6B-427A94EC5D66}.Release|Any CPU.ActiveCfg = Release|Any CPU
		{EC87E08A-D9DB-4199-8F6B-427A94EC5D66}.Release|Any CPU.Build.0 = Release|Any CPU
	EndGlobalSection
EndGlobal
